
Microsoft Visual Studio Solution File, Format Version 12.00
# Visual Studio Version 17
VisualStudioVersion = 17.11.35312.102
MinimumVisualStudioVersion = 10.0.40219.1
Project("{FAE04EC0-301F-11D3-BF4B-00C04F79EFBC}") = "homework.6", "homework.6\homework.6.csproj", "{098BB46E-6533-40F5-B7EF-8D5441D8403A}"
EndProject
Global
	GlobalSection(SolutionConfigurationPlatforms) = preSolution
		Debug|Any CPU = Debug|Any CPU
		Release|Any CPU = Release|Any CPU
	EndGlobalSection
	GlobalSection(ProjectConfigurationPlatforms) = postSolution
		{098BB46E-6533-40F5-B7EF-8D5441D8403A}.Debug|Any CPU.ActiveCfg = Debug|Any CPU
		{098BB46E-6533-40F5-B7EF-8D5441D8403A}.Debug|Any CPU.Build.0 = Debug|Any CPU
		{098BB46E-6533-40F5-B7EF-8D5441D8403A}.Release|Any CPU.ActiveCfg = Release|Any CPU
		{098BB46E-6533-40F5-B7EF-8D5441D8403A}.Release|Any CPU.Build.0 = Release|Any CPU
	EndGlobalSection
	GlobalSection(SolutionProperties) = preSolution
		HideSolutionNode = FALSE
	EndGlobalSection
	GlobalSection(ExtensibilityGlobals) = postSolution
		SolutionGuid = {43CD8611-5847-400E-B13E-4304FA1E60E2}
	EndGlobalSection
EndGlobal
